
Microsoft Visual Studio Solution File, Format Version 12.00
# Visual Studio Version 17
VisualStudioVersion = 17.5.33627.172
MinimumVisualStudioVersion = 10.0.40219.1
Project("{9A19103F-16F7-4668-BE54-9A1E7A4F7556}") = "Shapes", "Shapes\Shapes.csproj", "{4CA02436-386A-4C1D-9704-63C40C62CC95}"
EndProject
Project("{FAE04EC0-301F-11D3-BF4B-00C04F79EFBC}") = "Cars", "Cars\Cars.csproj", "{CC2B9395-A6E3-468F-B7F4-91672B3E52B9}"
EndProject
Global
	GlobalSection(SolutionConfigurationPlatforms) = preSolution
		Debug|Any CPU = Debug|Any CPU
		Release|Any CPU = Release|Any CPU
	EndGlobalSection
	GlobalSection(ProjectConfigurationPlatforms) = postSolution
		{4CA02436-386A-4C1D-9704-63C40C62CC95}.Debug|Any CPU.ActiveCfg = Debug|Any CPU
		{4CA02436-386A-4C1D-9704-63C40C62CC95}.Debug|Any CPU.Build.0 = Debug|Any CPU
		{4CA02436-386A-4C1D-9704-63C40C62CC95}.Release|Any CPU.ActiveCfg = Release|Any CPU
		{4CA02436-386A-4C1D-9704-63C40C62CC95}.Release|Any CPU.Build.0 = Release|Any CPU
		{CC2B9395-A6E3-468F-B7F4-91672B3E52B9}.Debug|Any CPU.ActiveCfg = Debug|Any CPU
		{CC2B9395-A6E3-468F-B7F4-91672B3E52B9}.Debug|Any CPU.Build.0 = Debug|Any CPU
		{CC2B9395-A6E3-468F-B7F4-91672B3E52B9}.Release|Any CPU.ActiveCfg = Release|Any CPU
		{CC2B9395-A6E3-468F-B7F4-91672B3E52B9}.Release|Any CPU.Build.0 = Release|Any CPU
	EndGlobalSection
	GlobalSection(SolutionProperties) = preSolution
		HideSolutionNode = FALSE
	EndGlobalSection
	GlobalSection(ExtensibilityGlobals) = postSolution
		SolutionGuid = {6E0E4DE3-3C1C-49B7-9582-59FBB1C3D331}
	EndGlobalSection
EndGlobal
